
Microsoft Visual Studio Solution File, Format Version 12.00
Project("{FAE04EC0-301F-11D3-BF4B-00C04F79EFBC}") = "RpcServer", "RpcServer\RpcServer.csproj", "{5E800EC8-7BAF-42BB-A159-046BCBF4622A}"
EndProject
Project("{FAE04EC0-301F-11D3-BF4B-00C04F79EFBC}") = "RpcClient", "RpcClient\RpcClient.csproj", "{A8C8AA45-10DA-4904-9712-AA659B7437C7}"
EndProject
Global
	GlobalSection(SolutionConfigurationPlatforms) = preSolution
		Debug|Any CPU = Debug|Any CPU
		Release|Any CPU = Release|Any CPU
	EndGlobalSection
	GlobalSection(ProjectConfigurationPlatforms) = postSolution
		{5E800EC8-7BAF-42BB-A159-046BCBF4622A}.Debug|Any CPU.ActiveCfg = Debug|Any CPU
		{5E800EC8-7BAF-42BB-A159-046BCBF4622A}.Debug|Any CPU.Build.0 = Debug|Any CPU
		{5E800EC8-7BAF-42BB-A159-046BCBF4622A}.Release|Any CPU.ActiveCfg = Release|Any CPU
		{5E800EC8-7BAF-42BB-A159-046BCBF4622A}.Release|Any CPU.Build.0 = Release|Any CPU
		{A8C8AA45-10DA-4904-9712-AA659B7437C7}.Debug|Any CPU.ActiveCfg = Debug|Any CPU
		{A8C8AA45-10DA-4904-9712-AA659B7437C7}.Debug|Any CPU.Build.0 = Debug|Any CPU
		{A8C8AA45-10DA-4904-9712-AA659B7437C7}.Release|Any CPU.ActiveCfg = Release|Any CPU
		{A8C8AA45-10DA-4904-9712-AA659B7437C7}.Release|Any CPU.Build.0 = Release|Any CPU
	EndGlobalSection
EndGlobal
